{
  "name": "cli_demo",
  "version": "1.0.0",
  "lockfileVersion": 1,
  "requires": true,
  "dependencies": {
    "ansi-colors": {
      "version": "3.2.4",
      "resolved": "https://registry.npmjs.org/ansi-colors/-/ansi-colors-3.2.4.tgz",
      "integrity": "sha512-hHUXGagefjN2iRrID63xckIvotOXOojhQKWIPUZ4mNUZ9nLZW+7FMNoE1lOkEhNWYsx/7ysGIuJYCiMAA9FnrA=="
    },
    "commander": {
      "version": "7.2.0",
      "resolved": "https://registry.npmjs.org/commander/-/commander-7.2.0.tgz",
      "integrity": "sha512-QrWXB+ZQSVPmIWIhtEO9H+gwHaMGYiF5ChvoJ+K9ZGHG/sVsa6yiesAD1GC/x46sET00Xlwo1u49RVVVzvcSkw=="
    },
    "log-utils": {
      "version": "1.0.0",
      "resolved": "https://registry.npmjs.org/log-utils/-/log-utils-1.0.0.tgz",
      "integrity": "sha512-8djFr6wkux5KB7dgGbAwWYt4EUbJ+Z4ePdUMP+Bn7MePpoiXZoIx2SOnHCHfnDDNlPmVJvYPqvrpvpl1Xh9JvQ==",
      "requires": {
        "ansi-colors": "^3.2.1",
        "time-stamp": "^2.2.0"
      }
    },
    "time-stamp": {
      "version": "2.2.0",
      "resolved": "https://registry.npmjs.org/time-stamp/-/time-stamp-2.2.0.tgz",
      "integrity": "sha512-zxke8goJQpBeEgD82CXABeMh0LSJcj7CXEd0OHOg45HgcofF7pxNwZm9+RknpxpDhwN4gFpySkApKfFYfRQnUA=="
    }
  }
}
